
Microsoft Visual Studio Solution File, Format Version 12.00
# Visual Studio Version 16
VisualStudioVersion = 16.0.33214.272
MinimumVisualStudioVersion = 10.0.40219.1
Project("{FAE04EC0-301F-11D3-BF4B-00C04F79EFBC}") = "webBrowser", "webBrowser.csproj", "{3576252E-9FBF-4C86-A88D-27B0E71006C0}"
EndProject
Global
	GlobalSection(SolutionConfigurationPlatforms) = preSolution
		Debug|Any CPU = Debug|Any CPU
		Release|Any CPU = Release|Any CPU
	EndGlobalSection
	GlobalSection(ProjectConfigurationPlatforms) = postSolution
		{3576252E-9FBF-4C86-A88D-27B0E71006C0}.Debug|Any CPU.ActiveCfg = Debug|Any CPU
		{3576252E-9FBF-4C86-A88D-27B0E71006C0}.Debug|Any CPU.Build.0 = Debug|Any CPU
		{3576252E-9FBF-4C86-A88D-27B0E71006C0}.Release|Any CPU.ActiveCfg = Release|Any CPU
		{3576252E-9FBF-4C86-A88D-27B0E71006C0}.Release|Any CPU.Build.0 = Release|Any CPU
	EndGlobalSection
	GlobalSection(SolutionProperties) = preSolution
		HideSolutionNode = FALSE
	EndGlobalSection
	GlobalSection(ExtensibilityGlobals) = postSolution
		SolutionGuid = {ECF0BB01-001C-4C38-92CD-2E293F8541DF}
	EndGlobalSection
EndGlobal
